
Microsoft Visual Studio Solution File, Format Version 12.00
# Visual Studio Version 16
VisualStudioVersion = 16.0.31624.102
MinimumVisualStudioVersion = 10.0.40219.1
Project("{FAE04EC0-301F-11D3-BF4B-00C04F79EFBC}") = "CabInvoiceGenerator", "CabInvoiceGenerator\CabInvoiceGenerator.csproj", "{03F3994A-5BB5-41F7-986C-75767300A2B3}"
EndProject
Project("{FAE04EC0-301F-11D3-BF4B-00C04F79EFBC}") = "UnitTestProject1", "UnitTestProject1\UnitTestProject1.csproj", "{CC89FB30-9179-48A1-A2B4-9BF2F92E6165}"
EndProject
Global
	GlobalSection(SolutionConfigurationPlatforms) = preSolution
		Debug|Any CPU = Debug|Any CPU
		Release|Any CPU = Release|Any CPU
	EndGlobalSection
	GlobalSection(ProjectConfigurationPlatforms) = postSolution
		{03F3994A-5BB5-41F7-986C-75767300A2B3}.Debug|Any CPU.ActiveCfg = Debug|Any CPU
		{03F3994A-5BB5-41F7-986C-75767300A2B3}.Debug|Any CPU.Build.0 = Debug|Any CPU
		{03F3994A-5BB5-41F7-986C-75767300A2B3}.Release|Any CPU.ActiveCfg = Release|Any CPU
		{03F3994A-5BB5-41F7-986C-75767300A2B3}.Release|Any CPU.Build.0 = Release|Any CPU
		{CC89FB30-9179-48A1-A2B4-9BF2F92E6165}.Debug|Any CPU.ActiveCfg = Debug|Any CPU
		{CC89FB30-9179-48A1-A2B4-9BF2F92E6165}.Debug|Any CPU.Build.0 = Debug|Any CPU
		{CC89FB30-9179-48A1-A2B4-9BF2F92E6165}.Release|Any CPU.ActiveCfg = Release|Any CPU
		{CC89FB30-9179-48A1-A2B4-9BF2F92E6165}.Release|Any CPU.Build.0 = Release|Any CPU
	EndGlobalSection
	GlobalSection(SolutionProperties) = preSolution
		HideSolutionNode = FALSE
	EndGlobalSection
	GlobalSection(ExtensibilityGlobals) = postSolution
		SolutionGuid = {0A724B3E-66C3-4EE9-9077-B2DCAF3A1A05}
	EndGlobalSection
EndGlobal
